// !$*UTF8*$!
{
	archiveVersion = 1;
	classes = {
	};
	objectVersion = 50;
	objects = {

/* Begin PBXBuildFile section */
		BE1E9449239EB70A00A4DB14 /* AppDelegate.swift in Sources */ = {isa = PBXBuildFile; fileRef = BE1E9448239EB70A00A4DB14 /* AppDelegate.swift */; };
		BE1E944B239EB70A00A4DB14 /* SceneDelegate.swift in Sources */ = {isa = PBXBuildFile; fileRef = BE1E944A239EB70A00A4DB14 /* SceneDelegate.swift */; };
		BE1E944D239EB70A00A4DB14 /* ViewController.swift in Sources */ = {isa = PBXBuildFile; fileRef = BE1E944C239EB70A00A4DB14 /* ViewController.swift */; };
		BE1E9450239EB70A00A4DB14 /* Main.storyboard in Resources */ = {isa = PBXBuildFile; fileRef = BE1E944E239EB70A00A4DB14 /* Main.storyboard */; };
		BE1E9452239EB70C00A4DB14 /* Assets.xcassets in Resources */ = {isa = PBXBuildFile; fileRef = BE1E9451239EB70C00A4DB14 /* Assets.xcassets */; };
		BE1E9455239EB70C00A4DB14 /* LaunchScreen.storyboard in Resources */ = {isa = PBXBuildFile; fileRef = BE1E9453239EB70C00A4DB14 /* LaunchScreen.storyboard */; };
		BE1E9460239EB70C00A4DB14 /* AstronomyPhotosTests.swift in Sources */ = {isa = PBXBuildFile; fileRef = BE1E945F239EB70C00A4DB14 /* AstronomyPhotosTests.swift */; };
		BE1E946B239EB75700A4DB14 /* NetworkHelper.swift in Sources */ = {isa = PBXBuildFile; fileRef = BE1E946A239EB75700A4DB14 /* NetworkHelper.swift */; };
		BE1E946D239EB76500A4DB14 /* AppError.swift in Sources */ = {isa = PBXBuildFile; fileRef = BE1E946C239EB76500A4DB14 /* AppError.swift */; };
		BE1E946F239EB90B00A4DB14 /* PhotoCell.swift in Sources */ = {isa = PBXBuildFile; fileRef = BE1E946E239EB90B00A4DB14 /* PhotoCell.swift */; };
		BE1E9471239EB9F100A4DB14 /* UIImageView + Extensions.swift in Sources */ = {isa = PBXBuildFile; fileRef = BE1E9470239EB9F100A4DB14 /* UIImageView + Extensions.swift */; };
/* End PBXBuildFile section */

/* Begin PBXContainerItemProxy section */
		BE1E945C239EB70C00A4DB14 /* PBXContainerItemProxy */ = {
			isa = PBXContainerItemProxy;
			containerPortal = BE1E943D239EB70A00A4DB14 /* Project object */;
			proxyType = 1;
			remoteGlobalIDString = BE1E9444239EB70A00A4DB14;
			remoteInfo = AstronomyPhotos;
		};
/* End PBXContainerItemProxy section */

/* Begin PBXFileReference section */
		BE1E9445239EB70A00A4DB14 /* AstronomyPhotos.app */ = {isa = PBXFileReference; explicitFileType = wrapper.application; includeInIndex = 0; path = AstronomyPhotos.app; sourceTree = BUILT_PRODUCTS_DIR; };
		BE1E9448239EB70A00A4DB14 /* AppDelegate.swift */ = {isa = PBXFileReference; lastKnownFileType = sourcecode.swift; path = AppDelegate.swift; sourceTree = "<group>"; };
		BE1E944A239EB70A00A4DB14 /* SceneDelegate.swift */ = {isa = PBXFileReference; lastKnownFileType = sourcecode.swift; path = SceneDelegate.swift; sourceTree = "<group>"; };
		BE1E944C239EB70A00A4DB14 /* ViewController.swift */ = {isa = PBXFileReference; lastKnownFileType = sourcecode.swift; path = ViewController.swift; sourceTree = "<group>"; };
		BE1E944F239EB70A00A4DB14 /* Base */ = {isa = PBXFileReference; lastKnownFileType = file.storyboard; name = Base; path = Base.lproj/Main.storyboard; sourceTree = "<group>"; };
		BE1E9451239EB70C00A4DB14 /* Assets.xcassets */ = {isa = PBXFileReference; lastKnownFileType = folder.assetcatalog; path = Assets.xcassets; sourceTree = "<group>"; };
		BE1E9454239EB70C00A4DB14 /* Base */ = {isa = PBXFileReference; lastKnownFileType = file.storyboard; name = Base; path = Base.lproj/LaunchScreen.storyboard; sourceTree = "<group>"; };
		BE1E9456239EB70C00A4DB14 /* Info.plist */ = {isa = PBXFileReference; lastKnownFileType = text.plist.xml; path = Info.plist; sourceTree = "<group>"; };
		BE1E945B239EB70C00A4DB14 /* AstronomyPhotosTests.xctest */ = {isa = PBXFileReference; explicitFileType = wrapper.cfbundle; includeInIndex = 0; path = AstronomyPhotosTests.xctest; sourceTree = BUILT_PRODUCTS_DIR; };
		BE1E945F239EB70C00A4DB14 /* AstronomyPhotosTests.swift */ = {isa = PBXFileReference; lastKnownFileType = sourcecode.swift; path = AstronomyPhotosTests.swift; sourceTree = "<group>"; };
		BE1E9461239EB70C00A4DB14 /* Info.plist */ = {isa = PBXFileReference; lastKnownFileType = text.plist.xml; path = Info.plist; sourceTree = "<group>"; };
		BE1E946A239EB75700A4DB14 /* NetworkHelper.swift */ = {isa = PBXFileReference; lastKnownFileType = sourcecode.swift; path = NetworkHelper.swift; sourceTree = "<group>"; };
		BE1E946C239EB76500A4DB14 /* AppError.swift */ = {isa = PBXFileReference; lastKnownFileType = sourcecode.swift; path = AppError.swift; sourceTree = "<group>"; };
		BE1E946E239EB90B00A4DB14 /* PhotoCell.swift */ = {isa = PBXFileReference; lastKnownFileType = sourcecode.swift; path = PhotoCell.swift; sourceTree = "<group>"; };
		BE1E9470239EB9F100A4DB14 /* UIImageView + Extensions.swift */ = {isa = PBXFileReference; lastKnownFileType = sourcecode.swift; path = "UIImageView + Extensions.swift"; sourceTree = "<group>"; };
/* End PBXFileReference section */

/* Begin PBXFrameworksBuildPhase section */
		BE1E9442239EB70A00A4DB14 /* Frameworks */ = {
			isa = PBXFrameworksBuildPhase;
			buildActionMask = 2147483647;
			files = (
			);
			runOnlyForDeploymentPostprocessing = 0;
		};
		BE1E9458239EB70C00A4DB14 /* Frameworks */ = {
			isa = PBXFrameworksBuildPhase;
			buildActionMask = 2147483647;
			files = (
			);
			runOnlyForDeploymentPostprocessing = 0;
		};
/* End PBXFrameworksBuildPhase section */

/* Begin PBXGroup section */
		BE1E943C239EB70A00A4DB14 = {
			isa = PBXGroup;
			children = (
				BE1E9447239EB70A00A4DB14 /* AstronomyPhotos */,
				BE1E945E239EB70C00A4DB14 /* AstronomyPhotosTests */,
				BE1E9446239EB70A00A4DB14 /* Products */,
			);
			sourceTree = "<group>";
		};
		BE1E9446239EB70A00A4DB14 /* Products */ = {
			isa = PBXGroup;
			children = (
				BE1E9445239EB70A00A4DB14 /* AstronomyPhotos.app */,
				BE1E945B239EB70C00A4DB14 /* AstronomyPhotosTests.xctest */,
			);
			name = Products;
			sourceTree = "<group>";
		};
		BE1E9447239EB70A00A4DB14 /* AstronomyPhotos */ = {
			isa = PBXGroup;
			children = (
				BE1E9448239EB70A00A4DB14 /* AppDelegate.swift */,
				BE1E944A239EB70A00A4DB14 /* SceneDelegate.swift */,
				BE1E944C239EB70A00A4DB14 /* ViewController.swift */,
				BE1E946A239EB75700A4DB14 /* NetworkHelper.swift */,
				BE1E946C239EB76500A4DB14 /* AppError.swift */,
				BE1E944E239EB70A00A4DB14 /* Main.storyboard */,
				BE1E946E239EB90B00A4DB14 /* PhotoCell.swift */,
				BE1E9470239EB9F100A4DB14 /* UIImageView + Extensions.swift */,
				BE1E9451239EB70C00A4DB14 /* Assets.xcassets */,
				BE1E9453239EB70C00A4DB14 /* LaunchScreen.storyboard */,
				BE1E9456239EB70C00A4DB14 /* Info.plist */,
			);
			path = AstronomyPhotos;
			sourceTree = "<group>";
		};
		BE1E945E239EB70C00A4DB14 /* AstronomyPhotosTests */ = {
			isa = PBXGroup;
			children = (
				BE1E945F239EB70C00A4DB14 /* AstronomyPhotosTests.swift */,
				BE1E9461239EB70C00A4DB14 /* Info.plist */,
			);
			path = AstronomyPhotosTests;
			sourceTree = "<group>";
		};
/* End PBXGroup section */

/* Begin PBXNativeTarget section */
		BE1E9444239EB70A00A4DB14 /* AstronomyPhotos */ = {
			isa = PBXNativeTarget;
			buildConfigurationList = BE1E9464239EB70C00A4DB14 /* Build configuration list for PBXNativeTarget "AstronomyPhotos" */;
			buildPhases = (
				BE1E9441239EB70A00A4DB14 /* Sources */,
				BE1E9442239EB70A00A4DB14 /* Frameworks */,
				BE1E9443239EB70A00A4DB14 /* Resources */,
			);
			buildRules = (
			);
			dependencies = (
			);
			name = AstronomyPhotos;
			productName = AstronomyPhotos;
			productReference = BE1E9445239EB70A00A4DB14 /* AstronomyPhotos.app */;
			productType = "com.apple.product-type.application";
		};
		BE1E945A239EB70C00A4DB14 /* AstronomyPhotosTests */ = {
			isa = PBXNativeTarget;
			buildConfigurationList = BE1E9467239EB70C00A4DB14 /* Build configuration list for PBXNativeTarget "AstronomyPhotosTests" */;
			buildPhases = (
				BE1E9457239EB70C00A4DB14 /* Sources */,
				BE1E9458239EB70C00A4DB14 /* Frameworks */,
				BE1E9459239EB70C00A4DB14 /* Resources */,
			);
			buildRules = (
			);
			dependencies = (
				BE1E945D239EB70C00A4DB14 /* PBXTargetDependency */,
			);
			name = AstronomyPhotosTests;
			productName = AstronomyPhotosTests;
			productReference = BE1E945B239EB70C00A4DB14 /* AstronomyPhotosTests.xctest */;
			productType = "com.apple.product-type.bundle.unit-test";
		};
/* End PBXNativeTarget section */

/* Begin PBXProject section */
		BE1E943D239EB70A00A4DB14 /* Project object */ = {
			isa = PBXProject;
			attributes = {
				LastSwiftUpdateCheck = 1100;
				LastUpgradeCheck = 1100;
				ORGANIZATIONNAME = "Oscar Victoria Gonzalez ";
				TargetAttributes = {
					BE1E9444239EB70A00A4DB14 = {
						CreatedOnToolsVersion = 11.0;
					};
					BE1E945A239EB70C00A4DB14 = {
						CreatedOnToolsVersion = 11.0;
						TestTargetID = BE1E9444239EB70A00A4DB14;
					};
				};
			};
			buildConfigurationList = BE1E9440239EB70A00A4DB14 /* Build configuration list for PBXProject "AstronomyPhotos" */;
			compatibilityVersion = "Xcode 9.3";
			developmentRegion = en;
			hasScannedForEncodings = 0;
			knownRegions = (
				en,
				Base,
			);
			mainGroup = BE1E943C239EB70A00A4DB14;
			productRefGroup = BE1E9446239EB70A00A4DB14 /* Products */;
			projectDirPath = "";
			projectRoot = "";
			targets = (
				BE1E9444239EB70A00A4DB14 /* AstronomyPhotos */,
				BE1E945A239EB70C00A4DB14 /* AstronomyPhotosTests */,
			);
		};
/* End PBXProject section */

/* Begin PBXResourcesBuildPhase section */
		BE1E9443239EB70A00A4DB14 /* Resources */ = {
			isa = PBXResourcesBuildPhase;
			buildActionMask = 2147483647;
			files = (
				BE1E9455239EB70C00A4DB14 /* LaunchScreen.storyboard in Resources */,
				BE1E9452239EB70C00A4DB14 /* Assets.xcassets in Resources */,
				BE1E9450239EB70A00A4DB14 /* Main.storyboard in Resources */,
			);
			runOnlyForDeploymentPostprocessing = 0;
		};
		BE1E9459239EB70C00A4DB14 /* Resources */ = {
			isa = PBXResourcesBuildPhase;
			buildActionMask = 2147483647;
			files = (
			);
			runOnlyForDeploymentPostprocessing = 0;
		};
/* End PBXResourcesBuildPhase section */

/* Begin PBXSourcesBuildPhase section */
		BE1E9441239EB70A00A4DB14 /* Sources */ = {
			isa = PBXSourcesBuildPhase;
			buildActionMask = 2147483647;
			files = (
				BE1E946B239EB75700A4DB14 /* NetworkHelper.swift in Sources */,
				BE1E944D239EB70A00A4DB14 /* ViewController.swift in Sources */,
				BE1E946D239EB76500A4DB14 /* AppError.swift in Sources */,
				BE1E9449239EB70A00A4DB14 /* AppDelegate.swift in Sources */,
				BE1E9471239EB9F100A4DB14 /* UIImageView + Extensions.swift in Sources */,
				BE1E946F239EB90B00A4DB14 /* PhotoCell.swift in Sources */,
				BE1E944B239EB70A00A4DB14 /* SceneDelegate.swift in Sources */,
			);
			runOnlyForDeploymentPostprocessing = 0;
		};
		BE1E9457239EB70C00A4DB14 /* Sources */ = {
			isa = PBXSourcesBuildPhase;
			buildActionMask = 2147483647;
			files = (
				BE1E9460239EB70C00A4DB14 /* AstronomyPhotosTests.swift in Sources */,
			);
			runOnlyForDeploymentPostprocessing = 0;
		};
/* End PBXSourcesBuildPhase section */

/* Begin PBXTargetDependency section */
		BE1E945D239EB70C00A4DB14 /* PBXTargetDependency */ = {
			isa = PBXTargetDependency;
			target = BE1E9444239EB70A00A4DB14 /* AstronomyPhotos */;
			targetProxy = BE1E945C239EB70C00A4DB14 /* PBXContainerItemProxy */;
		};
/* End PBXTargetDependency section */

/* Begin PBXVariantGroup section */
		BE1E944E239EB70A00A4DB14 /* Main.storyboard */ = {
			isa = PBXVariantGroup;
			children = (
				BE1E944F239EB70A00A4DB14 /* Base */,
			);
			name = Main.storyboard;
			sourceTree = "<group>";
		};
		BE1E9453239EB70C00A4DB14 /* LaunchScreen.storyboard */ = {
			isa = PBXVariantGroup;
			children = (
				BE1E9454239EB70C00A4DB14 /* Base */,
			);
			name = LaunchScreen.storyboard;
			sourceTree = "<group>";
		};
/* End PBXVariantGroup section */

/* Begin XCBuildConfiguration section */
		BE1E9462239EB70C00A4DB14 /* Debug */ = {
			isa = XCBuildConfiguration;
			buildSettings = {
				ALWAYS_SEARCH_USER_PATHS = NO;
				CLANG_ANALYZER_NONNULL = YES;
				CLANG_ANALYZER_NUMBER_OBJECT_CONVERSION = YES_AGGRESSIVE;
				CLANG_CXX_LANGUAGE_STANDARD = "gnu++14";
				CLANG_CXX_LIBRARY = "libc++";
				CLANG_ENABLE_MODULES = YES;
				CLANG_ENABLE_OBJC_ARC = YES;
				CLANG_ENABLE_OBJC_WEAK = YES;
				CLANG_WARN_BLOCK_CAPTURE_AUTORELEASING = YES;
				CLANG_WARN_BOOL_CONVERSION = YES;
				CLANG_WARN_COMMA = YES;
				CLANG_WARN_CONSTANT_CONVERSION = YES;
				CLANG_WARN_DEPRECATED_OBJC_IMPLEMENTATIONS = YES;
				CLANG_WARN_DIRECT_OBJC_ISA_USAGE = YES_ERROR;
				CLANG_WARN_DOCUMENTATION_COMMENTS = YES;
				CLANG_WARN_EMPTY_BODY = YES;
				CLANG_WARN_ENUM_CONVERSION = YES;
				CLANG_WARN_INFINITE_RECURSION = YES;
				CLANG_WARN_INT_CONVERSION = YES;
				CLANG_WARN_NON_LITERAL_NULL_CONVERSION = YES;
				CLANG_WARN_OBJC_IMPLICIT_RETAIN_SELF = YES;
				CLANG_WARN_OBJC_LITERAL_CONVERSION = YES;
				CLANG_WARN_OBJC_ROOT_CLASS = YES_ERROR;
				CLANG_WARN_RANGE_LOOP_ANALYSIS = YES;
				CLANG_WARN_STRICT_PROTOTYPES = YES;
				CLANG_WARN_SUSPICIOUS_MOVE = YES;
				CLANG_WARN_UNGUARDED_AVAILABILITY = YES_AGGRESSIVE;
				CLANG_WARN_UNREACHABLE_CODE = YES;
				CLANG_WARN__DUPLICATE_METHOD_MATCH = YES;
				COPY_PHASE_STRIP = NO;
				DEBUG_INFORMATION_FORMAT = dwarf;
				ENABLE_STRICT_OBJC_MSGSEND = YES;
				ENABLE_TESTABILITY = YES;
				GCC_C_LANGUAGE_STANDARD = gnu11;
				GCC_DYNAMIC_NO_PIC = NO;
				GCC_NO_COMMON_BLOCKS = YES;
				GCC_OPTIMIZATION_LEVEL = 0;
				GCC_PREPROCESSOR_DEFINITIONS = (
					"DEBUG=1",
					"$(inherited)",
				);
				GCC_WARN_64_TO_32_BIT_CONVERSION = YES;
				GCC_WARN_ABOUT_RETURN_TYPE = YES_ERROR;
				GCC_WARN_UNDECLARED_SELECTOR = YES;
				GCC_WARN_UNINITIALIZED_AUTOS = YES_AGGRESSIVE;
				GCC_WARN_UNUSED_FUNCTION = YES;
				GCC_WARN_UNUSED_VARIABLE = YES;
				IPHONEOS_DEPLOYMENT_TARGET = 13.0;
				MTL_ENABLE_DEBUG_INFO = INCLUDE_SOURCE;
				MTL_FAST_MATH = YES;
				ONLY_ACTIVE_ARCH = YES;
				SDKROOT = iphoneos;
				SWIFT_ACTIVE_COMPILATION_CONDITIONS = DEBUG;
				SWIFT_OPTIMIZATION_LEVEL = "-Onone";
			};
			name = Debug;
		};
		BE1E9463239EB70C00A4DB14 /* Release */ = {
			isa = XCBuildConfiguration;
			buildSettings = {
				ALWAYS_SEARCH_USER_PATHS = NO;
				CLANG_ANALYZER_NONNULL = YES;
				CLANG_ANALYZER_NUMBER_OBJECT_CONVERSION = YES_AGGRESSIVE;
				CLANG_CXX_LANGUAGE_STANDARD = "gnu++14";
				CLANG_CXX_LIBRARY = "libc++";
				CLANG_ENABLE_MODULES = YES;
				CLANG_ENABLE_OBJC_ARC = YES;
				CLANG_ENABLE_OBJC_WEAK = YES;
				CLANG_WARN_BLOCK_CAPTURE_AUTORELEASING = YES;
				CLANG_WARN_BOOL_CONVERSION = YES;
				CLANG_WARN_COMMA = YES;
				CLANG_WARN_CONSTANT_CONVERSION = YES;
				CLANG_WARN_DEPRECATED_OBJC_IMPLEMENTATIONS = YES;
				CLANG_WARN_DIRECT_OBJC_ISA_USAGE = YES_ERROR;
				CLANG_WARN_DOCUMENTATION_COMMENTS = YES;
				CLANG_WARN_EMPTY_BODY = YES;
				CLANG_WARN_ENUM_CONVERSION = YES;
				CLANG_WARN_INFINITE_RECURSION = YES;
				CLANG_WARN_INT_CONVERSION = YES;
				CLANG_WARN_NON_LITERAL_NULL_CONVERSION = YES;
				CLANG_WARN_OBJC_IMPLICIT_RETAIN_SELF = YES;
				CLANG_WARN_OBJC_LITERAL_CONVERSION = YES;
				CLANG_WARN_OBJC_ROOT_CLASS = YES_ERROR;
				CLANG_WARN_RANGE_LOOP_ANALYSIS = YES;
				CLANG_WARN_STRICT_PROTOTYPES = YES;
				CLANG_WARN_SUSPICIOUS_MOVE = YES;
				CLANG_WARN_UNGUARDED_AVAILABILITY = YES_AGGRESSIVE;
				CLANG_WARN_UNREACHABLE_CODE = YES;
				CLANG_WARN__DUPLICATE_METHOD_MATCH = YES;
				COPY_PHASE_STRIP = NO;
				DEBUG_INFORMATION_FORMAT = "dwarf-with-dsym";
				ENABLE_NS_ASSERTIONS = NO;
				ENABLE_STRICT_OBJC_MSGSEND = YES;
				GCC_C_LANGUAGE_STANDARD = gnu11;
				GCC_NO_COMMON_BLOCKS = YES;
				GCC_WARN_64_TO_32_BIT_CONVERSION = YES;
				GCC_WARN_ABOUT_RETURN_TYPE = YES_ERROR;
				GCC_WARN_UNDECLARED_SELECTOR = YES;
				GCC_WARN_UNINITIALIZED_AUTOS = YES_AGGRESSIVE;
				GCC_WARN_UNUSED_FUNCTION = YES;
				GCC_WARN_UNUSED_VARIABLE = YES;
				IPHONEOS_DEPLOYMENT_TARGET = 13.0;
				MTL_ENABLE_DEBUG_INFO = NO;
				MTL_FAST_MATH = YES;
				SDKROOT = iphoneos;
				SWIFT_COMPILATION_MODE = wholemodule;
				SWIFT_OPTIMIZATION_LEVEL = "-O";
				VALIDATE_PRODUCT = YES;
			};
			name = Release;
		};
		BE1E9465239EB70C00A4DB14 /* Debug */ = {
			isa = XCBuildConfiguration;
			buildSettings = {
				ASSETCATALOG_COMPILER_APPICON_NAME = AppIcon;
				CODE_SIGN_STYLE = Automatic;
				DEVELOPMENT_TEAM = S55722VFBC;
				INFOPLIST_FILE = AstronomyPhotos/Info.plist;
				LD_RUNPATH_SEARCH_PATHS = (
					"$(inherited)",
					"@executable_path/Frameworks",
				);
				PRODUCT_BUNDLE_IDENTIFIER = oscarvictoria.AstronomyPhotos;
				PRODUCT_NAME = "$(TARGET_NAME)";
				SWIFT_VERSION = 5.0;
				TARGETED_DEVICE_FAMILY = "1,2";
			};
			name = Debug;
		};
		BE1E9466239EB70C00A4DB14 /* Release */ = {
			isa = XCBuildConfiguration;
			buildSettings = {
				ASSETCATALOG_COMPILER_APPICON_NAME = AppIcon;
				CODE_SIGN_STYLE = Automatic;
				DEVELOPMENT_TEAM = S55722VFBC;
				INFOPLIST_FILE = AstronomyPhotos/Info.plist;
				LD_RUNPATH_SEARCH_PATHS = (
					"$(inherited)",
					"@executable_path/Frameworks",
				);
				PRODUCT_BUNDLE_IDENTIFIER = oscarvictoria.AstronomyPhotos;
				PRODUCT_NAME = "$(TARGET_NAME)";
				SWIFT_VERSION = 5.0;
				TARGETED_DEVICE_FAMILY = "1,2";
			};
			name = Release;
		};
		BE1E9468239EB70C00A4DB14 /* Debug */ = {
			isa = XCBuildConfiguration;
			buildSettings = {
				ALWAYS_EMBED_SWIFT_STANDARD_LIBRARIES = YES;
				BUNDLE_LOADER = "$(TEST_HOST)";
				CODE_SIGN_STYLE = Automatic;
				DEVELOPMENT_TEAM = S55722VFBC;
				INFOPLIST_FILE = AstronomyPhotosTests/Info.plist;
				IPHONEOS_DEPLOYMENT_TARGET = 13.0;
				LD_RUNPATH_SEARCH_PATHS = (
					"$(inherited)",
					"@executable_path/Frameworks",
					"@loader_path/Frameworks",
				);
				PRODUCT_BUNDLE_IDENTIFIER = oscarvictoria.AstronomyPhotosTests;
				PRODUCT_NAME = "$(TARGET_NAME)";
				SWIFT_VERSION = 5.0;
				TARGETED_DEVICE_FAMILY = "1,2";
				TEST_HOST = "$(BUILT_PRODUCTS_DIR)/AstronomyPhotos.app/AstronomyPhotos";
			};
			name = Debug;
		};
		BE1E9469239EB70C00A4DB14 /* Release */ = {
			isa = XCBuildConfiguration;
			buildSettings = {
				ALWAYS_EMBED_SWIFT_STANDARD_LIBRARIES = YES;
				BUNDLE_LOADER = "$(TEST_HOST)";
				CODE_SIGN_STYLE = Automatic;
				DEVELOPMENT_TEAM = S55722VFBC;
				INFOPLIST_FILE = AstronomyPhotosTests/Info.plist;
				IPHONEOS_DEPLOYMENT_TARGET = 13.0;
				LD_RUNPATH_SEARCH_PATHS = (
					"$(inherited)",
					"@executable_path/Frameworks",
					"@loader_path/Frameworks",
				);
				PRODUCT_BUNDLE_IDENTIFIER = oscarvictoria.AstronomyPhotosTests;
				PRODUCT_NAME = "$(TARGET_NAME)";
				SWIFT_VERSION = 5.0;
				TARGETED_DEVICE_FAMILY = "1,2";
				TEST_HOST = "$(BUILT_PRODUCTS_DIR)/AstronomyPhotos.app/AstronomyPhotos";
			};
			name = Release;
		};
/* End XCBuildConfiguration section */

/* Begin XCConfigurationList section */
		BE1E9440239EB70A00A4DB14 /* Build configuration list for PBXProject "AstronomyPhotos" */ = {
			isa = XCConfigurationList;
			buildConfigurations = (
				BE1E9462239EB70C00A4DB14 /* Debug */,
				BE1E9463239EB70C00A4DB14 /* Release */,
			);
			defaultConfigurationIsVisible = 0;
			defaultConfigurationName = Release;
		};
		BE1E9464239EB70C00A4DB14 /* Build configuration list for PBXNativeTarget "AstronomyPhotos" */ = {
			isa = XCConfigurationList;
			buildConfigurations = (
				BE1E9465239EB70C00A4DB14 /* Debug */,
				BE1E9466239EB70C00A4DB14 /* Release */,
			);
			defaultConfigurationIsVisible = 0;
			defaultConfigurationName = Release;
		};
		BE1E9467239EB70C00A4DB14 /* Build configuration list for PBXNativeTarget "AstronomyPhotosTests" */ = {
			isa = XCConfigurationList;
			buildConfigurations = (
				BE1E9468239EB70C00A4DB14 /* Debug */,
				BE1E9469239EB70C00A4DB14 /* Release */,
			);
			defaultConfigurationIsVisible = 0;
			defaultConfigurationName = Release;
		};
/* End XCConfigurationList section */
	};
	rootObject = BE1E943D239EB70A00A4DB14 /* Project object */;
}
